
Microsoft Visual Studio Solution File, Format Version 12.00
# Visual Studio Version 16
VisualStudioVersion = 16.0.32413.511
MinimumVisualStudioVersion = 10.0.40219.1
Project("{8BC9CEB8-8B4A-11D0-8D11-00A0C91BC942}") = "LinkedList", "LinkedList\LinkedList.vcxproj", "{3491D42D-FE1B-406B-A38D-6AFB840F3B16}"
EndProject
Global
	GlobalSection(SolutionConfigurationPlatforms) = preSolution
		Debug|x64 = Debug|x64
		Debug|x86 = Debug|x86
		Release|x64 = Release|x64
		Release|x86 = Release|x86
	EndGlobalSection
	GlobalSection(ProjectConfigurationPlatforms) = postSolution
		{3491D42D-FE1B-406B-A38D-6AFB840F3B16}.Debug|x64.ActiveCfg = Debug|x64
		{3491D42D-FE1B-406B-A38D-6AFB840F3B16}.Debug|x64.Build.0 = Debug|x64
		{3491D42D-FE1B-406B-A38D-6AFB840F3B16}.Debug|x86.ActiveCfg = Debug|Win32
		{3491D42D-FE1B-406B-A38D-6AFB840F3B16}.Debug|x86.Build.0 = Debug|Win32
		{3491D42D-FE1B-406B-A38D-6AFB840F3B16}.Release|x64.ActiveCfg = Release|x64
		{3491D42D-FE1B-406B-A38D-6AFB840F3B16}.Release|x64.Build.0 = Release|x64
		{3491D42D-FE1B-406B-A38D-6AFB840F3B16}.Release|x86.ActiveCfg = Release|Win32
		{3491D42D-FE1B-406B-A38D-6AFB840F3B16}.Release|x86.Build.0 = Release|Win32
	EndGlobalSection
	GlobalSection(SolutionProperties) = preSolution
		HideSolutionNode = FALSE
	EndGlobalSection
	GlobalSection(ExtensibilityGlobals) = postSolution
		SolutionGuid = {4FCC485C-7287-43BE-9A89-53F7A49C4D3B}
	EndGlobalSection
EndGlobal
