
Microsoft Visual Studio Solution File, Format Version 12.00
# Visual Studio Version 16
VisualStudioVersion = 16.0.32413.511
MinimumVisualStudioVersion = 10.0.40219.1
Project("{8BC9CEB8-8B4A-11D0-8D11-00A0C91BC942}") = "ServerStats", "ServerStats\ServerStats.vcxproj", "{BD47C8F3-7F2F-4683-9AEE-D4B51E71CDAD}"
EndProject
Global
	GlobalSection(SolutionConfigurationPlatforms) = preSolution
		Debug|x64 = Debug|x64
		Debug|x86 = Debug|x86
		Release|x64 = Release|x64
		Release|x86 = Release|x86
	EndGlobalSection
	GlobalSection(ProjectConfigurationPlatforms) = postSolution
		{BD47C8F3-7F2F-4683-9AEE-D4B51E71CDAD}.Debug|x64.ActiveCfg = Debug|x64
		{BD47C8F3-7F2F-4683-9AEE-D4B51E71CDAD}.Debug|x64.Build.0 = Debug|x64
		{BD47C8F3-7F2F-4683-9AEE-D4B51E71CDAD}.Debug|x86.ActiveCfg = Debug|Win32
		{BD47C8F3-7F2F-4683-9AEE-D4B51E71CDAD}.Debug|x86.Build.0 = Debug|Win32
		{BD47C8F3-7F2F-4683-9AEE-D4B51E71CDAD}.Release|x64.ActiveCfg = Release|x64
		{BD47C8F3-7F2F-4683-9AEE-D4B51E71CDAD}.Release|x64.Build.0 = Release|x64
		{BD47C8F3-7F2F-4683-9AEE-D4B51E71CDAD}.Release|x86.ActiveCfg = Release|Win32
		{BD47C8F3-7F2F-4683-9AEE-D4B51E71CDAD}.Release|x86.Build.0 = Release|Win32
	EndGlobalSection
	GlobalSection(SolutionProperties) = preSolution
		HideSolutionNode = FALSE
	EndGlobalSection
	GlobalSection(ExtensibilityGlobals) = postSolution
		SolutionGuid = {B8DAF9B3-DF74-4B54-B02E-6406EB6A982C}
	EndGlobalSection
EndGlobal
