
Microsoft Visual Studio Solution File, Format Version 12.00
# Visual Studio Version 16
VisualStudioVersion = 16.0.32413.511
MinimumVisualStudioVersion = 10.0.40219.1
Project("{8BC9CEB8-8B4A-11D0-8D11-00A0C91BC942}") = "Paginator", "Paginator\Paginator.vcxproj", "{E35E1331-E8CD-40BB-8269-C38A94DC2D26}"
EndProject
Global
	GlobalSection(SolutionConfigurationPlatforms) = preSolution
		Debug|x64 = Debug|x64
		Debug|x86 = Debug|x86
		Release|x64 = Release|x64
		Release|x86 = Release|x86
	EndGlobalSection
	GlobalSection(ProjectConfigurationPlatforms) = postSolution
		{E35E1331-E8CD-40BB-8269-C38A94DC2D26}.Debug|x64.ActiveCfg = Debug|x64
		{E35E1331-E8CD-40BB-8269-C38A94DC2D26}.Debug|x64.Build.0 = Debug|x64
		{E35E1331-E8CD-40BB-8269-C38A94DC2D26}.Debug|x86.ActiveCfg = Debug|Win32
		{E35E1331-E8CD-40BB-8269-C38A94DC2D26}.Debug|x86.Build.0 = Debug|Win32
		{E35E1331-E8CD-40BB-8269-C38A94DC2D26}.Release|x64.ActiveCfg = Release|x64
		{E35E1331-E8CD-40BB-8269-C38A94DC2D26}.Release|x64.Build.0 = Release|x64
		{E35E1331-E8CD-40BB-8269-C38A94DC2D26}.Release|x86.ActiveCfg = Release|Win32
		{E35E1331-E8CD-40BB-8269-C38A94DC2D26}.Release|x86.Build.0 = Release|Win32
	EndGlobalSection
	GlobalSection(SolutionProperties) = preSolution
		HideSolutionNode = FALSE
	EndGlobalSection
	GlobalSection(ExtensibilityGlobals) = postSolution
		SolutionGuid = {59C1593D-5F4C-4BD3-B85C-C1B32073ED21}
	EndGlobalSection
EndGlobal
