
Microsoft Visual Studio Solution File, Format Version 12.00
# Visual Studio Version 16
VisualStudioVersion = 16.0.32413.511
MinimumVisualStudioVersion = 10.0.40219.1
Project("{8BC9CEB8-8B4A-11D0-8D11-00A0C91BC942}") = "Matrix_sum", "Matrix_sum\Matrix_sum.vcxproj", "{48A6C776-253A-4271-BA48-301D36C41DF7}"
EndProject
Global
	GlobalSection(SolutionConfigurationPlatforms) = preSolution
		Debug|x64 = Debug|x64
		Debug|x86 = Debug|x86
		Release|x64 = Release|x64
		Release|x86 = Release|x86
	EndGlobalSection
	GlobalSection(ProjectConfigurationPlatforms) = postSolution
		{48A6C776-253A-4271-BA48-301D36C41DF7}.Debug|x64.ActiveCfg = Debug|x64
		{48A6C776-253A-4271-BA48-301D36C41DF7}.Debug|x64.Build.0 = Debug|x64
		{48A6C776-253A-4271-BA48-301D36C41DF7}.Debug|x86.ActiveCfg = Debug|Win32
		{48A6C776-253A-4271-BA48-301D36C41DF7}.Debug|x86.Build.0 = Debug|Win32
		{48A6C776-253A-4271-BA48-301D36C41DF7}.Release|x64.ActiveCfg = Release|x64
		{48A6C776-253A-4271-BA48-301D36C41DF7}.Release|x64.Build.0 = Release|x64
		{48A6C776-253A-4271-BA48-301D36C41DF7}.Release|x86.ActiveCfg = Release|Win32
		{48A6C776-253A-4271-BA48-301D36C41DF7}.Release|x86.Build.0 = Release|Win32
	EndGlobalSection
	GlobalSection(SolutionProperties) = preSolution
		HideSolutionNode = FALSE
	EndGlobalSection
	GlobalSection(ExtensibilityGlobals) = postSolution
		SolutionGuid = {CF5E23CF-E3F2-4994-B2BB-75E4293936C8}
	EndGlobalSection
EndGlobal
