
Microsoft Visual Studio Solution File, Format Version 12.00
# Visual Studio Version 16
VisualStudioVersion = 16.0.32413.511
MinimumVisualStudioVersion = 10.0.40219.1
Project("{8BC9CEB8-8B4A-11D0-8D11-00A0C91BC942}") = "Sportmens", "Sportmens\Sportmens.vcxproj", "{3845BFDA-3B2C-4931-BDBF-8BC1B55EF7DB}"
EndProject
Global
	GlobalSection(SolutionConfigurationPlatforms) = preSolution
		Debug|x64 = Debug|x64
		Debug|x86 = Debug|x86
		Release|x64 = Release|x64
		Release|x86 = Release|x86
	EndGlobalSection
	GlobalSection(ProjectConfigurationPlatforms) = postSolution
		{3845BFDA-3B2C-4931-BDBF-8BC1B55EF7DB}.Debug|x64.ActiveCfg = Debug|x64
		{3845BFDA-3B2C-4931-BDBF-8BC1B55EF7DB}.Debug|x64.Build.0 = Debug|x64
		{3845BFDA-3B2C-4931-BDBF-8BC1B55EF7DB}.Debug|x86.ActiveCfg = Debug|Win32
		{3845BFDA-3B2C-4931-BDBF-8BC1B55EF7DB}.Debug|x86.Build.0 = Debug|Win32
		{3845BFDA-3B2C-4931-BDBF-8BC1B55EF7DB}.Release|x64.ActiveCfg = Release|x64
		{3845BFDA-3B2C-4931-BDBF-8BC1B55EF7DB}.Release|x64.Build.0 = Release|x64
		{3845BFDA-3B2C-4931-BDBF-8BC1B55EF7DB}.Release|x86.ActiveCfg = Release|Win32
		{3845BFDA-3B2C-4931-BDBF-8BC1B55EF7DB}.Release|x86.Build.0 = Release|Win32
	EndGlobalSection
	GlobalSection(SolutionProperties) = preSolution
		HideSolutionNode = FALSE
	EndGlobalSection
	GlobalSection(ExtensibilityGlobals) = postSolution
		SolutionGuid = {182C96B9-B9E4-471A-A921-5135D21945D1}
	EndGlobalSection
EndGlobal
